
Microsoft Visual Studio Solution File, Format Version 12.00
# Visual Studio Version 16
VisualStudioVersion = 16.0.30611.23
MinimumVisualStudioVersion = 10.0.40219.1
Project("{FAE04EC0-301F-11D3-BF4B-00C04F79EFBC}") = "OdeToFood.Web", "OdeToFood.Web\OdeToFood.Web.csproj", "{0362F9D1-EAE3-49DA-82D4-5BDD0D0D7ECB}"
EndProject
Project("{FAE04EC0-301F-11D3-BF4B-00C04F79EFBC}") = "OdeToFood.Data", "OdeToFood.Data\OdeToFood.Data.csproj", "{971D65B3-5A05-42E0-BCDA-4B98F0034B9C}"
EndProject
Global
	GlobalSection(SolutionConfigurationPlatforms) = preSolution
		Debug|Any CPU = Debug|Any CPU
		Release|Any CPU = Release|Any CPU
	EndGlobalSection
	GlobalSection(ProjectConfigurationPlatforms) = postSolution
		{0362F9D1-EAE3-49DA-82D4-5BDD0D0D7ECB}.Debug|Any CPU.ActiveCfg = Debug|Any CPU
		{0362F9D1-EAE3-49DA-82D4-5BDD0D0D7ECB}.Debug|Any CPU.Build.0 = Debug|Any CPU
		{0362F9D1-EAE3-49DA-82D4-5BDD0D0D7ECB}.Release|Any CPU.ActiveCfg = Release|Any CPU
		{0362F9D1-EAE3-49DA-82D4-5BDD0D0D7ECB}.Release|Any CPU.Build.0 = Release|Any CPU
		{971D65B3-5A05-42E0-BCDA-4B98F0034B9C}.Debug|Any CPU.ActiveCfg = Debug|Any CPU
		{971D65B3-5A05-42E0-BCDA-4B98F0034B9C}.Debug|Any CPU.Build.0 = Debug|Any CPU
		{971D65B3-5A05-42E0-BCDA-4B98F0034B9C}.Release|Any CPU.ActiveCfg = Release|Any CPU
		{971D65B3-5A05-42E0-BCDA-4B98F0034B9C}.Release|Any CPU.Build.0 = Release|Any CPU
	EndGlobalSection
	GlobalSection(SolutionProperties) = preSolution
		HideSolutionNode = FALSE
	EndGlobalSection
	GlobalSection(ExtensibilityGlobals) = postSolution
		SolutionGuid = {74688648-571A-4F0D-854D-3C1E2C2CFE93}
	EndGlobalSection
EndGlobal
